
Microsoft Visual Studio Solution File, Format Version 12.00
# Visual Studio Version 17
VisualStudioVersion = 17.14.36930.0 d17.14
MinimumVisualStudioVersion = 10.0.40219.1
Project("{FAE04EC0-301F-11D3-BF4B-00C04F79EFBC}") = "MyConsoleApp", "MyConsoleApp\MyConsoleApp.csproj", "{984C8F18-4EA2-48D0-9908-B2CD0FDFE60C}"
EndProject
Global
	GlobalSection(SolutionConfigurationPlatforms) = preSolution
		Debug|Any CPU = Debug|Any CPU
		Release|Any CPU = Release|Any CPU
	EndGlobalSection
	GlobalSection(ProjectConfigurationPlatforms) = postSolution
		{984C8F18-4EA2-48D0-9908-B2CD0FDFE60C}.Debug|Any CPU.ActiveCfg = Debug|Any CPU
		{984C8F18-4EA2-48D0-9908-B2CD0FDFE60C}.Debug|Any CPU.Build.0 = Debug|Any CPU
		{984C8F18-4EA2-48D0-9908-B2CD0FDFE60C}.Release|Any CPU.ActiveCfg = Release|Any CPU
		{984C8F18-4EA2-48D0-9908-B2CD0FDFE60C}.Release|Any CPU.Build.0 = Release|Any CPU
	EndGlobalSection
	GlobalSection(SolutionProperties) = preSolution
		HideSolutionNode = FALSE
	EndGlobalSection
	GlobalSection(ExtensibilityGlobals) = postSolution
		SolutionGuid = {1003E60A-33CB-4AF4-AA00-9CAC284C4EC1}
	EndGlobalSection
EndGlobal
